Microsoft Visual Studio Solution File, Format Version 12.00
# Visual Studio Version 17
VisualStudioVersion = 17.5.2.0
MinimumVisualStudioVersion = 10.0.40219.1
Project("{2150E333-8FDC-42A3-9474-1A3956D46DE8}") = "dotnet-api", "dotnet-api", "{F32DA15D-601A-F58A-F67C-D7D0F33DA689}"
EndProject
Project("{FAE04EC0-301F-11D3-BF4B-00C04F79EFBC}") = "AnalyticsPlatform", "dotnet-api\AnalyticsPlatform\AnalyticsPlatform.csproj", "{7C287090-4433-1F34-6DD0-5716D929CF44}"
EndProject
Global
	GlobalSection(SolutionConfigurationPlatforms) = preSolution
		Debug|Any CPU = Debug|Any CPU
		Release|Any CPU = Release|Any CPU
	EndGlobalSection
	GlobalSection(ProjectConfigurationPlatforms) = postSolution
		{7C287090-4433-1F34-6DD0-5716D929CF44}.Debug|Any CPU.ActiveCfg = Debug|Any CPU
		{7C287090-4433-1F34-6DD0-5716D929CF44}.Debug|Any CPU.Build.0 = Debug|Any CPU
		{7C287090-4433-1F34-6DD0-5716D929CF44}.Release|Any CPU.ActiveCfg = Release|Any CPU
		{7C287090-4433-1F34-6DD0-5716D929CF44}.Release|Any CPU.Build.0 = Release|Any CPU
	EndGlobalSection
	GlobalSection(SolutionProperties) = preSolution
		HideSolutionNode = FALSE
	EndGlobalSection
	GlobalSection(NestedProjects) = preSolution
		{7C287090-4433-1F34-6DD0-5716D929CF44} = {F32DA15D-601A-F58A-F67C-D7D0F33DA689}
	EndGlobalSection
	GlobalSection(ExtensibilityGlobals) = postSolution
		SolutionGuid = {35DFAA46-4B85-4C44-BBEC-ECD8085B4B03}
	EndGlobalSection
EndGlobal
